// !$*UTF8*$!
{
	archiveVersion = 1;
	classes = {
	};
	objectVersion = 56;
	objects = {

/* Begin PBXBuildFile section */
		617390B62B8F499C0035BA33 /* FruitRowView.swift in Sources */ = {isa = PBXBuildFile; fileRef = 617390B52B8F499C0035BA33 /* FruitRowView.swift */; };
		61BA80C02B8DBA60006C2A7B /* Fructus1AppApp.swift in Sources */ = {isa = PBXBuildFile; fileRef = 61BA80BF2B8DBA60006C2A7B /* Fructus1AppApp.swift */; };
		61BA80C22B8DBA60006C2A7B /* ContentView.swift in Sources */ = {isa = PBXBuildFile; fileRef = 61BA80C12B8DBA60006C2A7B /* ContentView.swift */; };
		61BA80C42B8DBA61006C2A7B /* Assets.xcassets in Resources */ = {isa = PBXBuildFile; fileRef = 61BA80C32B8DBA61006C2A7B /* Assets.xcassets */; };
		61BA80C72B8DBA61006C2A7B /* Preview Assets.xcassets in Resources */ = {isa = PBXBuildFile; fileRef = 61BA80C62B8DBA61006C2A7B /* Preview Assets.xcassets */; };
		61BA80D12B8DC19C006C2A7B /* FruitCardView.swift in Sources */ = {isa = PBXBuildFile; fileRef = 61BA80D02B8DC19C006C2A7B /* FruitCardView.swift */; };
		61BA80D32B8DC9A3006C2A7B /* StartButtonView.swift in Sources */ = {isa = PBXBuildFile; fileRef = 61BA80D22B8DC9A3006C2A7B /* StartButtonView.swift */; };
		61BA80D52B8DD440006C2A7B /* OnboardingView.swift in Sources */ = {isa = PBXBuildFile; fileRef = 61BA80D42B8DD440006C2A7B /* OnboardingView.swift */; };
		61E0B6352B8DD81400DAC3DC /* FruitsModel.swift in Sources */ = {isa = PBXBuildFile; fileRef = 61E0B6342B8DD81400DAC3DC /* FruitsModel.swift */; };
		61E0B6382B8DDA1000DAC3DC /* FruitData.swift in Sources */ = {isa = PBXBuildFile; fileRef = 61E0B6372B8DDA1000DAC3DC /* FruitData.swift */; };
/* End PBXBuildFile section */

/* Begin PBXFileReference section */
		617390B52B8F499C0035BA33 /* FruitRowView.swift */ = {isa = PBXFileReference; lastKnownFileType = sourcecode.swift; path = FruitRowView.swift; sourceTree = "<group>"; };
		61BA80BC2B8DBA60006C2A7B /* Fructus1App.app */ = {isa = PBXFileReference; explicitFileType = wrapper.application; includeInIndex = 0; path = Fructus1App.app; sourceTree = BUILT_PRODUCTS_DIR; };
		61BA80BF2B8DBA60006C2A7B /* Fructus1AppApp.swift */ = {isa = PBXFileReference; lastKnownFileType = sourcecode.swift; path = Fructus1AppApp.swift; sourceTree = "<group>"; };
		61BA80C12B8DBA60006C2A7B /* ContentView.swift */ = {isa = PBXFileReference; lastKnownFileType = sourcecode.swift; path = ContentView.swift; sourceTree = "<group>"; };
		61BA80C32B8DBA61006C2A7B /* Assets.xcassets */ = {isa = PBXFileReference; lastKnownFileType = folder.assetcatalog; path = Assets.xcassets; sourceTree = "<group>"; };
		61BA80C62B8DBA61006C2A7B /* Preview Assets.xcassets */ = {isa = PBXFileReference; lastKnownFileType = folder.assetcatalog; path = "Preview Assets.xcassets"; sourceTree = "<group>"; };
		61BA80D02B8DC19C006C2A7B /* FruitCardView.swift */ = {isa = PBXFileReference; lastKnownFileType = sourcecode.swift; path = FruitCardView.swift; sourceTree = "<group>"; usesTabs = 0; };
		61BA80D22B8DC9A3006C2A7B /* StartButtonView.swift */ = {isa = PBXFileReference; lastKnownFileType = sourcecode.swift; path = StartButtonView.swift; sourceTree = "<group>"; usesTabs = 0; wrapsLines = 1; };
		61BA80D42B8DD440006C2A7B /* OnboardingView.swift */ = {isa = PBXFileReference; lastKnownFileType = sourcecode.swift; path = OnboardingView.swift; sourceTree = "<group>"; };
		61E0B6342B8DD81400DAC3DC /* FruitsModel.swift */ = {isa = PBXFileReference; lastKnownFileType = sourcecode.swift; path = FruitsModel.swift; sourceTree = "<group>"; };
		61E0B6372B8DDA1000DAC3DC /* FruitData.swift */ = {isa = PBXFileReference; lastKnownFileType = sourcecode.swift; path = FruitData.swift; sourceTree = "<group>"; };
/* End PBXFileReference section */

/* Begin PBXFrameworksBuildPhase section */
		61BA80B92B8DBA60006C2A7B /* Frameworks */ = {
			isa = PBXFrameworksBuildPhase;
			buildActionMask = 2147483647;
			files = (
			);
			runOnlyForDeploymentPostprocessing = 0;
		};
/* End PBXFrameworksBuildPhase section */

/* Begin PBXGroup section */
		61BA80B32B8DBA60006C2A7B = {
			isa = PBXGroup;
			children = (
				61BA80BE2B8DBA60006C2A7B /* Fructus1App */,
				61BA80BD2B8DBA60006C2A7B /* Products */,
			);
			sourceTree = "<group>";
		};
		61BA80BD2B8DBA60006C2A7B /* Products */ = {
			isa = PBXGroup;
			children = (
				61BA80BC2B8DBA60006C2A7B /* Fructus1App.app */,
			);
			name = Products;
			sourceTree = "<group>";
		};
		61BA80BE2B8DBA60006C2A7B /* Fructus1App */ = {
			isa = PBXGroup;
			children = (
				61E0B6362B8DD9F200DAC3DC /* Data */,
				61E0B6332B8DD7E400DAC3DC /* Model */,
				61BA80CE2B8DC157006C2A7B /* View */,
				61BA80CD2B8DC12A006C2A7B /* App */,
				61BA80C32B8DBA61006C2A7B /* Assets.xcassets */,
				61BA80C52B8DBA61006C2A7B /* Preview Content */,
			);
			path = Fructus1App;
			sourceTree = "<group>";
		};
		61BA80C52B8DBA61006C2A7B /* Preview Content */ = {
			isa = PBXGroup;
			children = (
				61BA80C62B8DBA61006C2A7B /* Preview Assets.xcassets */,
			);
			path = "Preview Content";
			sourceTree = "<group>";
		};
		61BA80CD2B8DC12A006C2A7B /* App */ = {
			isa = PBXGroup;
			children = (
				61BA80BF2B8DBA60006C2A7B /* Fructus1AppApp.swift */,
				61BA80C12B8DBA60006C2A7B /* ContentView.swift */,
				61BA80D42B8DD440006C2A7B /* OnboardingView.swift */,
			);
			path = App;
			sourceTree = "<group>";
		};
		61BA80CE2B8DC157006C2A7B /* View */ = {
			isa = PBXGroup;
			children = (
				61BA80D02B8DC19C006C2A7B /* FruitCardView.swift */,
				61BA80D22B8DC9A3006C2A7B /* StartButtonView.swift */,
				617390B52B8F499C0035BA33 /* FruitRowView.swift */,
			);
			path = View;
			sourceTree = "<group>";
		};
		61E0B6332B8DD7E400DAC3DC /* Model */ = {
			isa = PBXGroup;
			children = (
				61E0B6342B8DD81400DAC3DC /* FruitsModel.swift */,
			);
			path = Model;
			sourceTree = "<group>";
		};
		61E0B6362B8DD9F200DAC3DC /* Data */ = {
			isa = PBXGroup;
			children = (
				61E0B6372B8DDA1000DAC3DC /* FruitData.swift */,
			);
			path = Data;
			sourceTree = "<group>";
		};
/* End PBXGroup section */

/* Begin PBXNativeTarget section */
		61BA80BB2B8DBA60006C2A7B /* Fructus1App */ = {
			isa = PBXNativeTarget;
			buildConfigurationList = 61BA80CA2B8DBA61006C2A7B /* Build configuration list for PBXNativeTarget "Fructus1App" */;
			buildPhases = (
				61BA80B82B8DBA60006C2A7B /* Sources */,
				61BA80B92B8DBA60006C2A7B /* Frameworks */,
				61BA80BA2B8DBA60006C2A7B /* Resources */,
			);
			buildRules = (
			);
			dependencies = (
			);
			name = Fructus1App;
			productName = Fructus1App;
			productReference = 61BA80BC2B8DBA60006C2A7B /* Fructus1App.app */;
			productType = "com.apple.product-type.application";
		};
/* End PBXNativeTarget section */

/* Begin PBXProject section */
		61BA80B42B8DBA60006C2A7B /* Project object */ = {
			isa = PBXProject;
			attributes = {
				BuildIndependentTargetsInParallel = 1;
				LastSwiftUpdateCheck = 1520;
				LastUpgradeCheck = 1520;
				TargetAttributes = {
					61BA80BB2B8DBA60006C2A7B = {
						CreatedOnToolsVersion = 15.2;
					};
				};
			};
			buildConfigurationList = 61BA80B72B8DBA60006C2A7B /* Build configuration list for PBXProject "Fructus1App" */;
			compatibilityVersion = "Xcode 14.0";
			developmentRegion = en;
			hasScannedForEncodings = 0;
			knownRegions = (
				en,
				Base,
			);
			mainGroup = 61BA80B32B8DBA60006C2A7B;
			productRefGroup = 61BA80BD2B8DBA60006C2A7B /* Products */;
			projectDirPath = "";
			projectRoot = "";
			targets = (
				61BA80BB2B8DBA60006C2A7B /* Fructus1App */,
			);
		};
/* End PBXProject section */

/* Begin PBXResourcesBuildPhase section */
		61BA80BA2B8DBA60006C2A7B /* Resources */ = {
			isa = PBXResourcesBuildPhase;
			buildActionMask = 2147483647;
			files = (
				61BA80C72B8DBA61006C2A7B /* Preview Assets.xcassets in Resources */,
				61BA80C42B8DBA61006C2A7B /* Assets.xcassets in Resources */,
			);
			runOnlyForDeploymentPostprocessing = 0;
		};
/* End PBXResourcesBuildPhase section */

/* Begin PBXSourcesBuildPhase section */
		61BA80B82B8DBA60006C2A7B /* Sources */ = {
			isa = PBXSourcesBuildPhase;
			buildActionMask = 2147483647;
			files = (
				61E0B6382B8DDA1000DAC3DC /* FruitData.swift in Sources */,
				61BA80D12B8DC19C006C2A7B /* FruitCardView.swift in Sources */,
				617390B62B8F499C0035BA33 /* FruitRowView.swift in Sources */,
				61BA80D32B8DC9A3006C2A7B /* StartButtonView.swift in Sources */,
				61E0B6352B8DD81400DAC3DC /* FruitsModel.swift in Sources */,
				61BA80C22B8DBA60006C2A7B /* ContentView.swift in Sources */,
				61BA80D52B8DD440006C2A7B /* OnboardingView.swift in Sources */,
				61BA80C02B8DBA60006C2A7B /* Fructus1AppApp.swift in Sources */,
			);
			runOnlyForDeploymentPostprocessing = 0;
		};
/* End PBXSourcesBuildPhase section */

/* Begin XCBuildConfiguration section */
		61BA80C82B8DBA61006C2A7B /* Debug */ = {
			isa = XCBuildConfiguration;
			buildSettings = {
				ALWAYS_SEARCH_USER_PATHS = NO;
				ASSETCATALOG_COMPILER_GENERATE_SWIFT_ASSET_SYMBOL_EXTENSIONS = YES;
				CLANG_ANALYZER_NONNULL = YES;
				CLANG_ANALYZER_NUMBER_OBJECT_CONVERSION = YES_AGGRESSIVE;
				CLANG_CXX_LANGUAGE_STANDARD = "gnu++20";
				CLANG_ENABLE_MODULES = YES;
				CLANG_ENABLE_OBJC_ARC = YES;
				CLANG_ENABLE_OBJC_WEAK = YES;
				CLANG_WARN_BLOCK_CAPTURE_AUTORELEASING = YES;
				CLANG_WARN_BOOL_CONVERSION = YES;
				CLANG_WARN_COMMA = YES;
				CLANG_WARN_CONSTANT_CONVERSION = YES;
				CLANG_WARN_DEPRECATED_OBJC_IMPLEMENTATIONS = YES;
				CLANG_WARN_DIRECT_OBJC_ISA_USAGE = YES_ERROR;
				CLANG_WARN_DOCUMENTATION_COMMENTS = YES;
				CLANG_WARN_EMPTY_BODY = YES;
				CLANG_WARN_ENUM_CONVERSION = YES;
				CLANG_WARN_INFINITE_RECURSION = YES;
				CLANG_WARN_INT_CONVERSION = YES;
				CLANG_WARN_NON_LITERAL_NULL_CONVERSION = YES;
				CLANG_WARN_OBJC_IMPLICIT_RETAIN_SELF = YES;
				CLANG_WARN_OBJC_LITERAL_CONVERSION = YES;
				CLANG_WARN_OBJC_ROOT_CLASS = YES_ERROR;
				CLANG_WARN_QUOTED_INCLUDE_IN_FRAMEWORK_HEADER = YES;
				CLANG_WARN_RANGE_LOOP_ANALYSIS = YES;
				CLANG_WARN_STRICT_PROTOTYPES = YES;
				CLANG_WARN_SUSPICIOUS_MOVE = YES;
				CLANG_WARN_UNGUARDED_AVAILABILITY = YES_AGGRESSIVE;
				CLANG_WARN_UNREACHABLE_CODE = YES;
				CLANG_WARN__DUPLICATE_METHOD_MATCH = YES;
				COPY_PHASE_STRIP = NO;
				DEBUG_INFORMATION_FORMAT = dwarf;
				ENABLE_STRICT_OBJC_MSGSEND = YES;
				ENABLE_TESTABILITY = YES;
				ENABLE_USER_SCRIPT_SANDBOXING = YES;
				GCC_C_LANGUAGE_STANDARD = gnu17;
				GCC_DYNAMIC_NO_PIC = NO;
				GCC_NO_COMMON_BLOCKS = YES;
				GCC_OPTIMIZATION_LEVEL = 0;
				GCC_PREPROCESSOR_DEFINITIONS = (
					"DEBUG=1",
					"$(inherited)",
				);
				GCC_WARN_64_TO_32_BIT_CONVERSION = YES;
				GCC_WARN_ABOUT_RETURN_TYPE = YES_ERROR;
				GCC_WARN_UNDECLARED_SELECTOR = YES;
				GCC_WARN_UNINITIALIZED_AUTOS = YES_AGGRESSIVE;
				GCC_WARN_UNUSED_FUNCTION = YES;
				GCC_WARN_UNUSED_VARIABLE = YES;
				IPHONEOS_DEPLOYMENT_TARGET = 17.2;
				LOCALIZATION_PREFERS_STRING_CATALOGS = YES;
				MTL_ENABLE_DEBUG_INFO = INCLUDE_SOURCE;
				MTL_FAST_MATH = YES;
				ONLY_ACTIVE_ARCH = YES;
				SDKROOT = iphoneos;
				SWIFT_ACTIVE_COMPILATION_CONDITIONS = "DEBUG $(inherited)";
				SWIFT_OPTIMIZATION_LEVEL = "-Onone";
			};
			name = Debug;
		};
		61BA80C92B8DBA61006C2A7B /* Release */ = {
			isa = XCBuildConfiguration;
			buildSettings = {
				ALWAYS_SEARCH_USER_PATHS = NO;
				ASSETCATALOG_COMPILER_GENERATE_SWIFT_ASSET_SYMBOL_EXTENSIONS = YES;
				CLANG_ANALYZER_NONNULL = YES;
				CLANG_ANALYZER_NUMBER_OBJECT_CONVERSION = YES_AGGRESSIVE;
				CLANG_CXX_LANGUAGE_STANDARD = "gnu++20";
				CLANG_ENABLE_MODULES = YES;
				CLANG_ENABLE_OBJC_ARC = YES;
				CLANG_ENABLE_OBJC_WEAK = YES;
				CLANG_WARN_BLOCK_CAPTURE_AUTORELEASING = YES;
				CLANG_WARN_BOOL_CONVERSION = YES;
				CLANG_WARN_COMMA = YES;
				CLANG_WARN_CONSTANT_CONVERSION = YES;
				CLANG_WARN_DEPRECATED_OBJC_IMPLEMENTATIONS = YES;
				CLANG_WARN_DIRECT_OBJC_ISA_USAGE = YES_ERROR;
				CLANG_WARN_DOCUMENTATION_COMMENTS = YES;
				CLANG_WARN_EMPTY_BODY = YES;
				CLANG_WARN_ENUM_CONVERSION = YES;
				CLANG_WARN_INFINITE_RECURSION = YES;
				CLANG_WARN_INT_CONVERSION = YES;
				CLANG_WARN_NON_LITERAL_NULL_CONVERSION = YES;
				CLANG_WARN_OBJC_IMPLICIT_RETAIN_SELF = YES;
				CLANG_WARN_OBJC_LITERAL_CONVERSION = YES;
				CLANG_WARN_OBJC_ROOT_CLASS = YES_ERROR;
				CLANG_WARN_QUOTED_INCLUDE_IN_FRAMEWORK_HEADER = YES;
				CLANG_WARN_RANGE_LOOP_ANALYSIS = YES;
				CLANG_WARN_STRICT_PROTOTYPES = YES;
				CLANG_WARN_SUSPICIOUS_MOVE = YES;
				CLANG_WARN_UNGUARDED_AVAILABILITY = YES_AGGRESSIVE;
				CLANG_WARN_UNREACHABLE_CODE = YES;
				CLANG_WARN__DUPLICATE_METHOD_MATCH = YES;
				COPY_PHASE_STRIP = NO;
				DEBUG_INFORMATION_FORMAT = "dwarf-with-dsym";
				ENABLE_NS_ASSERTIONS = NO;
				ENABLE_STRICT_OBJC_MSGSEND = YES;
				ENABLE_USER_SCRIPT_SANDBOXING = YES;
				GCC_C_LANGUAGE_STANDARD = gnu17;
				GCC_NO_COMMON_BLOCKS = YES;
				GCC_WARN_64_TO_32_BIT_CONVERSION = YES;
				GCC_WARN_ABOUT_RETURN_TYPE = YES_ERROR;
				GCC_WARN_UNDECLARED_SELECTOR = YES;
				GCC_WARN_UNINITIALIZED_AUTOS = YES_AGGRESSIVE;
				GCC_WARN_UNUSED_FUNCTION = YES;
				GCC_WARN_UNUSED_VARIABLE = YES;
				IPHONEOS_DEPLOYMENT_TARGET = 17.2;
				LOCALIZATION_PREFERS_STRING_CATALOGS = YES;
				MTL_ENABLE_DEBUG_INFO = NO;
				MTL_FAST_MATH = YES;
				SDKROOT = iphoneos;
				SWIFT_COMPILATION_MODE = wholemodule;
				VALIDATE_PRODUCT = YES;
			};
			name = Release;
		};
		61BA80CB2B8DBA61006C2A7B /* Debug */ = {
			isa = XCBuildConfiguration;
			buildSettings = {
				ASSETCATALOG_COMPILER_APPICON_NAME = AppIcon;
				ASSETCATALOG_COMPILER_GLOBAL_ACCENT_COLOR_NAME = AccentColor;
				CODE_SIGN_STYLE = Automatic;
				CURRENT_PROJECT_VERSION = 1;
				DEVELOPMENT_ASSET_PATHS = "\"Fructus1App/Preview Content\"";
				DEVELOPMENT_TEAM = AAAFNRNQ43;
				ENABLE_PREVIEWS = YES;
				GENERATE_INFOPLIST_FILE = YES;
				INFOPLIST_KEY_UIApplicationSceneManifest_Generation = YES;
				INFOPLIST_KEY_UIApplicationSupportsIndirectInputEvents = YES;
				INFOPLIST_KEY_UILaunchScreen_Generation = YES;
				INFOPLIST_KEY_UISupportedInterfaceOrientations = UIInterfaceOrientationPortrait;
				IPHONEOS_DEPLOYMENT_TARGET = 15.0;
				LD_RUNPATH_SEARCH_PATHS = (
					"$(inherited)",
					"@executable_path/Frameworks",
				);
				MARKETING_VERSION = 1.0;
				PRODUCT_BUNDLE_IDENTIFIER = mertpalas.Fructus1App;
				PRODUCT_NAME = "$(TARGET_NAME)";
				SWIFT_EMIT_LOC_STRINGS = YES;
				SWIFT_VERSION = 5.0;
				TARGETED_DEVICE_FAMILY = "1,2";
			};
			name = Debug;
		};
		61BA80CC2B8DBA61006C2A7B /* Release */ = {
			isa = XCBuildConfiguration;
			buildSettings = {
				ASSETCATALOG_COMPILER_APPICON_NAME = AppIcon;
				ASSETCATALOG_COMPILER_GLOBAL_ACCENT_COLOR_NAME = AccentColor;
				CODE_SIGN_STYLE = Automatic;
				CURRENT_PROJECT_VERSION = 1;
				DEVELOPMENT_ASSET_PATHS = "\"Fructus1App/Preview Content\"";
				DEVELOPMENT_TEAM = AAAFNRNQ43;
				ENABLE_PREVIEWS = YES;
				GENERATE_INFOPLIST_FILE = YES;
				INFOPLIST_KEY_UIApplicationSceneManifest_Generation = YES;
				INFOPLIST_KEY_UIApplicationSupportsIndirectInputEvents = YES;
				INFOPLIST_KEY_UILaunchScreen_Generation = YES;
				INFOPLIST_KEY_UISupportedInterfaceOrientations = UIInterfaceOrientationPortrait;
				IPHONEOS_DEPLOYMENT_TARGET = 15.0;
				LD_RUNPATH_SEARCH_PATHS = (
					"$(inherited)",
					"@executable_path/Frameworks",
				);
				MARKETING_VERSION = 1.0;
				PRODUCT_BUNDLE_IDENTIFIER = mertpalas.Fructus1App;
				PRODUCT_NAME = "$(TARGET_NAME)";
				SWIFT_EMIT_LOC_STRINGS = YES;
				SWIFT_VERSION = 5.0;
				TARGETED_DEVICE_FAMILY = "1,2";
			};
			name = Release;
		};
/* End XCBuildConfiguration section */

/* Begin XCConfigurationList section */
		61BA80B72B8DBA60006C2A7B /* Build configuration list for PBXProject "Fructus1App" */ = {
			isa = XCConfigurationList;
			buildConfigurations = (
				61BA80C82B8DBA61006C2A7B /* Debug */,
				61BA80C92B8DBA61006C2A7B /* Release */,
			);
			defaultConfigurationIsVisible = 0;
			defaultConfigurationName = Release;
		};
		61BA80CA2B8DBA61006C2A7B /* Build configuration list for PBXNativeTarget "Fructus1App" */ = {
			isa = XCConfigurationList;
			buildConfigurations = (
				61BA80CB2B8DBA61006C2A7B /* Debug */,
				61BA80CC2B8DBA61006C2A7B /* Release */,
			);
			defaultConfigurationIsVisible = 0;
			defaultConfigurationName = Release;
		};
/* End XCConfigurationList section */
	};
	rootObject = 61BA80B42B8DBA60006C2A7B /* Project object */;
}
